
Microsoft Visual Studio Solution File, Format Version 12.00
# Visual Studio Version 16
VisualStudioVersion = 16.6.30114.105
MinimumVisualStudioVersion = 10.0.40219.1
Project("{9A19103F-16F7-4668-BE54-9A1E7A4F7556}") = "PizzaBox.Domain", "PizzaBox.Domain\PizzaBox.Domain.csproj", "{69D17FC4-1192-404E-941A-A1F904B0CFD8}"
EndProject
Project("{9A19103F-16F7-4668-BE54-9A1E7A4F7556}") = "PizzaBox.Testing", "PizzaBox.Testing\PizzaBox.Testing.csproj", "{9BCF86F5-B732-42FF-BB4C-8CE9D3A39C0E}"
EndProject
Project("{9A19103F-16F7-4668-BE54-9A1E7A4F7556}") = "PizzaBox.Storing", "PizzaBox.Storing\PizzaBox.Storing.csproj", "{967B7951-2EDF-49A3-86C1-2700BCC1EDB0}"
EndProject
Project("{9A19103F-16F7-4668-BE54-9A1E7A4F7556}") = "PizzaBox.Service", "PizzaBox.Service\PizzaBox.Service.csproj", "{D08A36D4-4122-4CB9-B9EF-5D6464228F9B}"
	ProjectSection(ProjectDependencies) = postProject
		{967B7951-2EDF-49A3-86C1-2700BCC1EDB0} = {967B7951-2EDF-49A3-86C1-2700BCC1EDB0}
		{69D17FC4-1192-404E-941A-A1F904B0CFD8} = {69D17FC4-1192-404E-941A-A1F904B0CFD8}
	EndProjectSection
EndProject
Global
	GlobalSection(SolutionConfigurationPlatforms) = preSolution
		Debug|Any CPU = Debug|Any CPU
		Debug|x64 = Debug|x64
		Debug|x86 = Debug|x86
		Release|Any CPU = Release|Any CPU
		Release|x64 = Release|x64
		Release|x86 = Release|x86
	EndGlobalSection
	GlobalSection(ProjectConfigurationPlatforms) = postSolution
		{69D17FC4-1192-404E-941A-A1F904B0CFD8}.Debug|Any CPU.ActiveCfg = Debug|Any CPU
		{69D17FC4-1192-404E-941A-A1F904B0CFD8}.Debug|Any CPU.Build.0 = Debug|Any CPU
		{69D17FC4-1192-404E-941A-A1F904B0CFD8}.Debug|x64.ActiveCfg = Debug|Any CPU
		{69D17FC4-1192-404E-941A-A1F904B0CFD8}.Debug|x64.Build.0 = Debug|Any CPU
		{69D17FC4-1192-404E-941A-A1F904B0CFD8}.Debug|x86.ActiveCfg = Debug|Any CPU
		{69D17FC4-1192-404E-941A-A1F904B0CFD8}.Debug|x86.Build.0 = Debug|Any CPU
		{69D17FC4-1192-404E-941A-A1F904B0CFD8}.Release|Any CPU.ActiveCfg = Release|Any CPU
		{69D17FC4-1192-404E-941A-A1F904B0CFD8}.Release|Any CPU.Build.0 = Release|Any CPU
		{69D17FC4-1192-404E-941A-A1F904B0CFD8}.Release|x64.ActiveCfg = Release|Any CPU
		{69D17FC4-1192-404E-941A-A1F904B0CFD8}.Release|x64.Build.0 = Release|Any CPU
		{69D17FC4-1192-404E-941A-A1F904B0CFD8}.Release|x86.ActiveCfg = Release|Any CPU
		{69D17FC4-1192-404E-941A-A1F904B0CFD8}.Release|x86.Build.0 = Release|Any CPU
		{9BCF86F5-B732-42FF-BB4C-8CE9D3A39C0E}.Debug|Any CPU.ActiveCfg = Debug|Any CPU
		{9BCF86F5-B732-42FF-BB4C-8CE9D3A39C0E}.Debug|Any CPU.Build.0 = Debug|Any CPU
		{9BCF86F5-B732-42FF-BB4C-8CE9D3A39C0E}.Debug|x64.ActiveCfg = Debug|Any CPU
		{9BCF86F5-B732-42FF-BB4C-8CE9D3A39C0E}.Debug|x64.Build.0 = Debug|Any CPU
		{9BCF86F5-B732-42FF-BB4C-8CE9D3A39C0E}.Debug|x86.ActiveCfg = Debug|Any CPU
		{9BCF86F5-B732-42FF-BB4C-8CE9D3A39C0E}.Debug|x86.Build.0 = Debug|Any CPU
		{9BCF86F5-B732-42FF-BB4C-8CE9D3A39C0E}.Release|Any CPU.ActiveCfg = Release|Any CPU
		{9BCF86F5-B732-42FF-BB4C-8CE9D3A39C0E}.Release|Any CPU.Build.0 = Release|Any CPU
		{9BCF86F5-B732-42FF-BB4C-8CE9D3A39C0E}.Release|x64.ActiveCfg = Release|Any CPU
		{9BCF86F5-B732-42FF-BB4C-8CE9D3A39C0E}.Release|x64.Build.0 = Release|Any CPU
		{9BCF86F5-B732-42FF-BB4C-8CE9D3A39C0E}.Release|x86.ActiveCfg = Release|Any CPU
		{9BCF86F5-B732-42FF-BB4C-8CE9D3A39C0E}.Release|x86.Build.0 = Release|Any CPU
		{967B7951-2EDF-49A3-86C1-2700BCC1EDB0}.Debug|Any CPU.ActiveCfg = Debug|Any CPU
		{967B7951-2EDF-49A3-86C1-2700BCC1EDB0}.Debug|Any CPU.Build.0 = Debug|Any CPU
		{967B7951-2EDF-49A3-86C1-2700BCC1EDB0}.Debug|x64.ActiveCfg = Debug|Any CPU
		{967B7951-2EDF-49A3-86C1-2700BCC1EDB0}.Debug|x64.Build.0 = Debug|Any CPU
		{967B7951-2EDF-49A3-86C1-2700BCC1EDB0}.Debug|x86.ActiveCfg = Debug|Any CPU
		{967B7951-2EDF-49A3-86C1-2700BCC1EDB0}.Debug|x86.Build.0 = Debug|Any CPU
		{967B7951-2EDF-49A3-86C1-2700BCC1EDB0}.Release|Any CPU.ActiveCfg = Release|Any CPU
		{967B7951-2EDF-49A3-86C1-2700BCC1EDB0}.Release|Any CPU.Build.0 = Release|Any CPU
		{967B7951-2EDF-49A3-86C1-2700BCC1EDB0}.Release|x64.ActiveCfg = Release|Any CPU
		{967B7951-2EDF-49A3-86C1-2700BCC1EDB0}.Release|x64.Build.0 = Release|Any CPU
		{967B7951-2EDF-49A3-86C1-2700BCC1EDB0}.Release|x86.ActiveCfg = Release|Any CPU
		{967B7951-2EDF-49A3-86C1-2700BCC1EDB0}.Release|x86.Build.0 = Release|Any CPU
		{D08A36D4-4122-4CB9-B9EF-5D6464228F9B}.Debug|Any CPU.ActiveCfg = Debug|Any CPU
		{D08A36D4-4122-4CB9-B9EF-5D6464228F9B}.Debug|Any CPU.Build.0 = Debug|Any CPU
		{D08A36D4-4122-4CB9-B9EF-5D6464228F9B}.Debug|x64.ActiveCfg = Debug|Any CPU
		{D08A36D4-4122-4CB9-B9EF-5D6464228F9B}.Debug|x64.Build.0 = Debug|Any CPU
		{D08A36D4-4122-4CB9-B9EF-5D6464228F9B}.Debug|x86.ActiveCfg = Debug|Any CPU
		{D08A36D4-4122-4CB9-B9EF-5D6464228F9B}.Debug|x86.Build.0 = Debug|Any CPU
		{D08A36D4-4122-4CB9-B9EF-5D6464228F9B}.Release|Any CPU.ActiveCfg = Release|Any CPU
		{D08A36D4-4122-4CB9-B9EF-5D6464228F9B}.Release|Any CPU.Build.0 = Release|Any CPU
		{D08A36D4-4122-4CB9-B9EF-5D6464228F9B}.Release|x64.ActiveCfg = Release|Any CPU
		{D08A36D4-4122-4CB9-B9EF-5D6464228F9B}.Release|x64.Build.0 = Release|Any CPU
		{D08A36D4-4122-4CB9-B9EF-5D6464228F9B}.Release|x86.ActiveCfg = Release|Any CPU
		{D08A36D4-4122-4CB9-B9EF-5D6464228F9B}.Release|x86.Build.0 = Release|Any CPU
	EndGlobalSection
	GlobalSection(SolutionProperties) = preSolution
		HideSolutionNode = FALSE
	EndGlobalSection
	GlobalSection(ExtensibilityGlobals) = postSolution
		SolutionGuid = {B21563C4-F4F5-4E3D-827C-329835F1FC22}
	EndGlobalSection
EndGlobal
